
Microsoft Visual Studio Solution File, Format Version 12.00
# Visual Studio Version 17
VisualStudioVersion = 17.11.35222.181
MinimumVisualStudioVersion = 10.0.40219.1
Project("{FAE04EC0-301F-11D3-BF4B-00C04F79EFBC}") = "TreeLife", "TreeLife.csproj", "{1AA1AB91-0379-4D97-959C-DD3195073C23}"
EndProject
Global
	GlobalSection(SolutionConfigurationPlatforms) = preSolution
		Debug|Any CPU = Debug|Any CPU
		Release|Any CPU = Release|Any CPU
	EndGlobalSection
	GlobalSection(ProjectConfigurationPlatforms) = postSolution
		{1AA1AB91-0379-4D97-959C-DD3195073C23}.Debug|Any CPU.ActiveCfg = Debug|Any CPU
		{1AA1AB91-0379-4D97-959C-DD3195073C23}.Debug|Any CPU.Build.0 = Debug|Any CPU
		{1AA1AB91-0379-4D97-959C-DD3195073C23}.Release|Any CPU.ActiveCfg = Release|Any CPU
		{1AA1AB91-0379-4D97-959C-DD3195073C23}.Release|Any CPU.Build.0 = Release|Any CPU
	EndGlobalSection
	GlobalSection(SolutionProperties) = preSolution
		HideSolutionNode = FALSE
	EndGlobalSection
	GlobalSection(ExtensibilityGlobals) = postSolution
		SolutionGuid = {DAF5C729-1B7E-47F8-9FFC-8D1A3C93FF82}
	EndGlobalSection
EndGlobal
